PODS:
  - AMap3DMap (6.9.0):
    - AMapFoundation (~> 1.5)
  - amap_core_fluttify (0.0.1):
    - AMapFoundation (~> 1.6)
    - Flutter
    - foundation_fluttify
  - amap_map_fluttify (0.0.1):
    - AMap3DMap (~> 6.9.0)
    - amap_core_fluttify
    - Flutter
    - foundation_fluttify
    - url_launcher
  - amap_search_fluttify (0.0.1):
    - amap_core_fluttify
    - AMapSearch (~> 6.9.0)
    - Flutter
    - foundation_fluttify
  - AMapFoundation (1.6.2)
  - AMapSearch (6.9.0):
    - AMapFoundation (~> 1.4)
  - Flutter (1.0.0)
  - foundation_fluttify (0.0.1):
    - Flutter
  - url_launcher (0.0.1):
    - Flutter
  - url_launcher_macos (0.0.1):
    - Flutter
  - url_launcher_web (0.0.1):
    - Flutter

DEPENDENCIES:
  - amap_core_fluttify (from `.symlinks/plugins/amap_core_fluttify/ios`)
  - amap_map_fluttify (from `.symlinks/plugins/amap_map_fluttify/ios`)
  - amap_search_fluttify (from `.symlinks/plugins/amap_search_fluttify/ios`)
  - Flutter (from `Flutter`)
  - foundation_fluttify (from `.symlinks/plugins/foundation_fluttify/ios`)
  - url_launcher (from `.symlinks/plugins/url_launcher/ios`)
  - url_launcher_macos (from `.symlinks/plugins/url_launcher_macos/ios`)
  - url_launcher_web (from `.symlinks/plugins/url_launcher_web/ios`)

SPEC REPOS:
  trunk:
    - AMap3DMap
    - AMapFoundation
    - AMapSearch

EXTERNAL SOURCES:
  amap_core_fluttify:
    :path: ".symlinks/plugins/amap_core_fluttify/ios"
  amap_map_fluttify:
    :path: ".symlinks/plugins/amap_map_fluttify/ios"
  amap_search_fluttify:
    :path: ".symlinks/plugins/amap_search_fluttify/ios"
  Flutter:
    :path: Flutter
  foundation_fluttify:
    :path: ".symlinks/plugins/foundation_fluttify/ios"
  url_launcher:
    :path: ".symlinks/plugins/url_launcher/ios"
  url_launcher_macos:
    :path: ".symlinks/plugins/url_launcher_macos/ios"
  url_launcher_web:
    :path: ".symlinks/plugins/url_launcher_web/ios"

SPEC CHECKSUMS:
  AMap3DMap: c80b264f08f179d9b0949b84c65fc1a51dec9d6f
  amap_core_fluttify: de2fd8bc70870ae1c7cd8ba362cfe284e4e9b619
  amap_map_fluttify: 8fefd0b55ed72a03263078d88553f07cded26617
  amap_search_fluttify: 1188a86894ac8a211597ffc464a3936819e09ccd
  AMapFoundation: 672dc3a4759cb733f447c1e1b020f7ba2729f4ab
  AMapSearch: af02822537e55b85a4752e9df5c19e4b9da82031
  Flutter: 0e3d915762c693b495b44d77113d4970485de6ec
  foundation_fluttify: 3038fcc96aabb59c77f595964954c118af535d57
  url_launcher: a1c0cc845906122c4784c542523d8cacbded5626
  url_launcher_macos: fd7894421cd39320dce5f292fc99ea9270b2a313
  url_launcher_web: e5527357f037c87560776e36436bf2b0288b965c

PODFILE CHECKSUM: 1b66dae606f75376c5f2135a8290850eeb09ae83

COCOAPODS: 1.8.4
